
Microsoft Visual Studio Solution File, Format Version 12.00
# Visual Studio 15
VisualStudioVersion = 15.0.27703.2042
MinimumVisualStudioVersion = 10.0.40219.1
Project("{FAE04EC0-301F-11D3-BF4B-00C04F79EFBC}") = "VirtualFightStick", "VirtualFightStick\VirtualFightStick.csproj", "{1D1A0784-3653-4725-9C84-EF1BE506F198}"
EndProject
Project("{FAE04EC0-301F-11D3-BF4B-00C04F79EFBC}") = "VirtualFightStick.Core", "VirtualFightStick.Core\VirtualFightStick.Core.csproj", "{8BA98BC3-A698-4C4E-A4F4-0842CA9AEDE3}"
EndProject
Project("{FAE04EC0-301F-11D3-BF4B-00C04F79EFBC}") = "VirtualFightStick.ProcessManagement", "VirtualFightStick.ProcessManagement\VirtualFightStick.ProcessManagement.csproj", "{0A5F6C5C-38FA-468B-B94A-C1083F36B90D}"
EndProject
Project("{FAE04EC0-301F-11D3-BF4B-00C04F79EFBC}") = "VirtualFightStick.Ioc", "VirutalFightStick.Ioc\VirtualFightStick.Ioc.csproj", "{88136E78-A66E-4FF4-BF2E-35605B363572}"
EndProject
Project("{FAE04EC0-301F-11D3-BF4B-00C04F79EFBC}") = "VirtualFightStick.Test", "VirtualFightStick.Test\VirtualFightStick.Test.csproj", "{1EF3A71B-BD14-48BB-9D32-04961B1EF23D}"
EndProject
Project("{FAE04EC0-301F-11D3-BF4B-00C04F79EFBC}") = "VirtualFightStick.ProcessManagement.Test", "VirtualFightStick.ProcessManagement.Test\VirtualFightStick.ProcessManagement.Test.csproj", "{B89E8E32-A61B-4A18-8D5A-40ED091CC588}"
EndProject
Project("{FAE04EC0-301F-11D3-BF4B-00C04F79EFBC}") = "VirtualFightStick.Core.Test", "VirtualFightStick.Core.Test\VirtualFightStick.Core.Test.csproj", "{226CB6CB-1A62-44E9-8FDD-29F08F303DA2}"
EndProject
Project("{2150E333-8FDC-42A3-9474-1A3956D46DE8}") = "Solution Items", "Solution Items", "{414259F5-D125-4C81-AF10-481FCB6BA86F}"
	ProjectSection(SolutionItems) = preProject
		README.md = README.md
	EndProjectSection
EndProject
Global
	GlobalSection(SolutionConfigurationPlatforms) = preSolution
		Debug|Any CPU = Debug|Any CPU
		Release|Any CPU = Release|Any CPU
	EndGlobalSection
	GlobalSection(ProjectConfigurationPlatforms) = postSolution
		{1D1A0784-3653-4725-9C84-EF1BE506F198}.Debug|Any CPU.ActiveCfg = Debug|Any CPU
		{1D1A0784-3653-4725-9C84-EF1BE506F198}.Debug|Any CPU.Build.0 = Debug|Any CPU
		{1D1A0784-3653-4725-9C84-EF1BE506F198}.Release|Any CPU.ActiveCfg = Release|Any CPU
		{1D1A0784-3653-4725-9C84-EF1BE506F198}.Release|Any CPU.Build.0 = Release|Any CPU
		{8BA98BC3-A698-4C4E-A4F4-0842CA9AEDE3}.Debug|Any CPU.ActiveCfg = Debug|Any CPU
		{8BA98BC3-A698-4C4E-A4F4-0842CA9AEDE3}.Debug|Any CPU.Build.0 = Debug|Any CPU
		{8BA98BC3-A698-4C4E-A4F4-0842CA9AEDE3}.Release|Any CPU.ActiveCfg = Release|Any CPU
		{8BA98BC3-A698-4C4E-A4F4-0842CA9AEDE3}.Release|Any CPU.Build.0 = Release|Any CPU
		{0A5F6C5C-38FA-468B-B94A-C1083F36B90D}.Debug|Any CPU.ActiveCfg = Debug|Any CPU
		{0A5F6C5C-38FA-468B-B94A-C1083F36B90D}.Debug|Any CPU.Build.0 = Debug|Any CPU
		{0A5F6C5C-38FA-468B-B94A-C1083F36B90D}.Release|Any CPU.ActiveCfg = Release|Any CPU
		{0A5F6C5C-38FA-468B-B94A-C1083F36B90D}.Release|Any CPU.Build.0 = Release|Any CPU
		{88136E78-A66E-4FF4-BF2E-35605B363572}.Debug|Any CPU.ActiveCfg = Debug|Any CPU
		{88136E78-A66E-4FF4-BF2E-35605B363572}.Debug|Any CPU.Build.0 = Debug|Any CPU
		{88136E78-A66E-4FF4-BF2E-35605B363572}.Release|Any CPU.ActiveCfg = Release|Any CPU
		{88136E78-A66E-4FF4-BF2E-35605B363572}.Release|Any CPU.Build.0 = Release|Any CPU
		{1EF3A71B-BD14-48BB-9D32-04961B1EF23D}.Debug|Any CPU.ActiveCfg = Debug|Any CPU
		{1EF3A71B-BD14-48BB-9D32-04961B1EF23D}.Debug|Any CPU.Build.0 = Debug|Any CPU
		{1EF3A71B-BD14-48BB-9D32-04961B1EF23D}.Release|Any CPU.ActiveCfg = Release|Any CPU
		{1EF3A71B-BD14-48BB-9D32-04961B1EF23D}.Release|Any CPU.Build.0 = Release|Any CPU
		{B89E8E32-A61B-4A18-8D5A-40ED091CC588}.Debug|Any CPU.ActiveCfg = Debug|Any CPU
		{B89E8E32-A61B-4A18-8D5A-40ED091CC588}.Debug|Any CPU.Build.0 = Debug|Any CPU
		{B89E8E32-A61B-4A18-8D5A-40ED091CC588}.Release|Any CPU.ActiveCfg = Release|Any CPU
		{B89E8E32-A61B-4A18-8D5A-40ED091CC588}.Release|Any CPU.Build.0 = Release|Any CPU
		{226CB6CB-1A62-44E9-8FDD-29F08F303DA2}.Debug|Any CPU.ActiveCfg = Debug|Any CPU
		{226CB6CB-1A62-44E9-8FDD-29F08F303DA2}.Debug|Any CPU.Build.0 = Debug|Any CPU
		{226CB6CB-1A62-44E9-8FDD-29F08F303DA2}.Release|Any CPU.ActiveCfg = Release|Any CPU
		{226CB6CB-1A62-44E9-8FDD-29F08F303DA2}.Release|Any CPU.Build.0 = Release|Any CPU
	EndGlobalSection
	GlobalSection(SolutionProperties) = preSolution
		HideSolutionNode = FALSE
	EndGlobalSection
	GlobalSection(ExtensibilityGlobals) = postSolution
		SolutionGuid = {A57155F8-E662-46CB-B27A-A6C26EBBF9ED}
	EndGlobalSection
EndGlobal
